// !$*UTF8*$!
{
	archiveVersion = 1;
	classes = {
	};
	objectVersion = 51;
	objects = {

/* Begin PBXBuildFile section */
		3D17330124A4CA0D0016FDE6 /* DebtsInsightViewController.swift in Sources */ = {isa = PBXBuildFile; fileRef = 3D17330024A4CA0D0016FDE6 /* DebtsInsightViewController.swift */; };
		3D17330324A4D1430016FDE6 /* NSUIColour+Hex.swift in Sources */ = {isa = PBXBuildFile; fileRef = 3D17330224A4D1430016FDE6 /* NSUIColour+Hex.swift */; };
		3D17330724A4DA430016FDE6 /* DebtsDataBase.swift in Sources */ = {isa = PBXBuildFile; fileRef = 3D17330624A4DA430016FDE6 /* DebtsDataBase.swift */; };
		3D17330924A4DEAD0016FDE6 /* AppTabBarController.swift in Sources */ = {isa = PBXBuildFile; fileRef = 3D17330824A4DEAD0016FDE6 /* AppTabBarController.swift */; };
		3D27455B2484A7D800CE8EE3 /* AppDelegate.swift in Sources */ = {isa = PBXBuildFile; fileRef = 3D27455A2484A7D800CE8EE3 /* AppDelegate.swift */; };
		3D27455D2484A7D800CE8EE3 /* SceneDelegate.swift in Sources */ = {isa = PBXBuildFile; fileRef = 3D27455C2484A7D800CE8EE3 /* SceneDelegate.swift */; };
		3D27455F2484A7D800CE8EE3 /* WelcomeViewController.swift in Sources */ = {isa = PBXBuildFile; fileRef = 3D27455E2484A7D800CE8EE3 /* WelcomeViewController.swift */; };
		3D2745622484A7D800CE8EE3 /* Main.storyboard in Resources */ = {isa = PBXBuildFile; fileRef = 3D2745602484A7D800CE8EE3 /* Main.storyboard */; };
		3D2745642484A7D900CE8EE3 /* Assets.xcassets in Resources */ = {isa = PBXBuildFile; fileRef = 3D2745632484A7D900CE8EE3 /* Assets.xcassets */; };
		3D2745672484A7D900CE8EE3 /* LaunchScreen.storyboard in Resources */ = {isa = PBXBuildFile; fileRef = 3D2745652484A7D900CE8EE3 /* LaunchScreen.storyboard */; };
		3D2745722484A7D900CE8EE3 /* debtFreeTests.swift in Sources */ = {isa = PBXBuildFile; fileRef = 3D2745712484A7D900CE8EE3 /* debtFreeTests.swift */; };
		3D27457D2484A7DA00CE8EE3 /* debtFreeUITests.swift in Sources */ = {isa = PBXBuildFile; fileRef = 3D27457C2484A7DA00CE8EE3 /* debtFreeUITests.swift */; };
		3D27458D24874BBF00CE8EE3 /* Account.swift in Sources */ = {isa = PBXBuildFile; fileRef = 3D27458C24874BBF00CE8EE3 /* Account.swift */; };
		3D2745952487522400CE8EE3 /* AddAccountTableViewController.swift in Sources */ = {isa = PBXBuildFile; fileRef = 3D2745942487522400CE8EE3 /* AddAccountTableViewController.swift */; };
		3D27459724875DEA00CE8EE3 /* AccountTableViewCell.swift in Sources */ = {isa = PBXBuildFile; fileRef = 3D27459624875DEA00CE8EE3 /* AccountTableViewCell.swift */; };
		3D2745992487601D00CE8EE3 /* AccountTableViewController.swift in Sources */ = {isa = PBXBuildFile; fileRef = 3D2745982487601D00CE8EE3 /* AccountTableViewController.swift */; };
		3D8A8B1C24971DAD00A70D54 /* AddDebtTableViewController.swift in Sources */ = {isa = PBXBuildFile; fileRef = 3D8A8B1B24971DAD00A70D54 /* AddDebtTableViewController.swift */; };
		3D8A8B1E249721B500A70D54 /* Debt.swift in Sources */ = {isa = PBXBuildFile; fileRef = 3D8A8B1D249721B500A70D54 /* Debt.swift */; };
		3D8A8B202497245900A70D54 /* DebtsViewController.swift in Sources */ = {isa = PBXBuildFile; fileRef = 3D8A8B1F2497245900A70D54 /* DebtsViewController.swift */; };
		3D8A8B2224972ED800A70D54 /* DebtTableViewCell.swift in Sources */ = {isa = PBXBuildFile; fileRef = 3D8A8B2124972ED800A70D54 /* DebtTableViewCell.swift */; };
		3D8A8B24249B504500A70D54 /* IndividualDebtViewController.swift in Sources */ = {isa = PBXBuildFile; fileRef = 3D8A8B23249B504500A70D54 /* IndividualDebtViewController.swift */; };
		6E70E9FA8D2E9EFF07598A71 /* Pods_debtFreeTests.framework in Frameworks */ = {isa = PBXBuildFile; fileRef = D1D87B4F9B58738FDB6153C9 /* Pods_debtFreeTests.framework */; };
		710433C224A0906A00F93B67 /* SettingsViewController.swift in Sources */ = {isa = PBXBuildFile; fileRef = 710433C124A0906A00F93B67 /* SettingsViewController.swift */; };
		716A16C124A364E6002656CC /* SignUpViewController.swift in Sources */ = {isa = PBXBuildFile; fileRef = 716A16C024A364E6002656CC /* SignUpViewController.swift */; };
		716A16C524A37050002656CC /* Utilities.swift in Sources */ = {isa = PBXBuildFile; fileRef = 716A16C424A37050002656CC /* Utilities.swift */; };
		716A16C724A38864002656CC /* Constants.swift in Sources */ = {isa = PBXBuildFile; fileRef = 716A16C624A38864002656CC /* Constants.swift */; };
		716A16C924A38C89002656CC /* HomeViewController.swift in Sources */ = {isa = PBXBuildFile; fileRef = 716A16C824A38C89002656CC /* HomeViewController.swift */; };
		716A16CB24A3918F002656CC /* HomeViewController2.swift in Sources */ = {isa = PBXBuildFile; fileRef = 716A16CA24A3918F002656CC /* HomeViewController2.swift */; };
		71930D6924A48B2900B5BEE0 /* CalenderViewController.swift in Sources */ = {isa = PBXBuildFile; fileRef = 71930D6824A48B2900B5BEE0 /* CalenderViewController.swift */; };
		71D8E1C124A1E69D00D64BCC /* GoogleService-Info.plist in Resources */ = {isa = PBXBuildFile; fileRef = 71D8E1C024A1E69D00D64BCC /* GoogleService-Info.plist */; };
		71D8E1C324A1ED0100D64BCC /* LoginViewController.swift in Sources */ = {isa = PBXBuildFile; fileRef = 71D8E1C224A1ED0100D64BCC /* LoginViewController.swift */; };
		A88B3E05601AD8F2AAC1030F /* Pods_debtFree.framework in Frameworks */ = {isa = PBXBuildFile; fileRef = 82E7EF5DCEA837DA47CD532B /* Pods_debtFree.framework */; };
		FA28616A671FAAC2479CB41D /* Pods_debtFree_debtFreeUITests.framework in Frameworks */ = {isa = PBXBuildFile; fileRef = DF644FBE45EC0603DA4DDE29 /* Pods_debtFree_debtFreeUITests.framework */; };
/* End PBXBuildFile section */

/* Begin PBXContainerItemProxy section */
		3D27456E2484A7D900CE8EE3 /* PBXContainerItemProxy */ = {
			isa = PBXContainerItemProxy;
			containerPortal = 3D27454F2484A7D800CE8EE3 /* Project object */;
			proxyType = 1;
			remoteGlobalIDString = 3D2745562484A7D800CE8EE3;
			remoteInfo = debtFree;
		};
		3D2745792484A7DA00CE8EE3 /* PBXContainerItemProxy */ = {
			isa = PBXContainerItemProxy;
			containerPortal = 3D27454F2484A7D800CE8EE3 /* Project object */;
			proxyType = 1;
			remoteGlobalIDString = 3D2745562484A7D800CE8EE3;
			remoteInfo = debtFree;
		};
/* End PBXContainerItemProxy section */

/* Begin PBXFileReference section */
		1B5D0B4676CC19525BB87655 /* Pods-debtFreeTests.release.xcconfig */ = {isa = PBXFileReference; includeInIndex = 1; lastKnownFileType = text.xcconfig; name = "Pods-debtFreeTests.release.xcconfig"; path = "Target Support Files/Pods-debtFreeTests/Pods-debtFreeTests.release.xcconfig"; sourceTree = "<group>"; };
		2D1A6DBEA13B6D062A7C67E2 /* Pods-debtFree.release.xcconfig */ = {isa = PBXFileReference; includeInIndex = 1; lastKnownFileType = text.xcconfig; name = "Pods-debtFree.release.xcconfig"; path = "Target Support Files/Pods-debtFree/Pods-debtFree.release.xcconfig"; sourceTree = "<group>"; };
		3D17330024A4CA0D0016FDE6 /* DebtsInsightViewController.swift */ = {isa = PBXFileReference; lastKnownFileType = sourcecode.swift; path = DebtsInsightViewController.swift; sourceTree = "<group>"; };
		3D17330224A4D1430016FDE6 /* NSUIColour+Hex.swift */ = {isa = PBXFileReference; lastKnownFileType = sourcecode.swift; path = "NSUIColour+Hex.swift"; sourceTree = "<group>"; };
		3D17330624A4DA430016FDE6 /* DebtsDataBase.swift */ = {isa = PBXFileReference; lastKnownFileType = sourcecode.swift; name = DebtsDataBase.swift; path = "/Users/nigelng/Desktop/Orbital2020/debt-Free2/debtFree/DebtsDataBase.swift"; sourceTree = "<absolute>"; };
		3D17330824A4DEAD0016FDE6 /* AppTabBarController.swift */ = {isa = PBXFileReference; lastKnownFileType = sourcecode.swift; path = AppTabBarController.swift; sourceTree = "<group>"; };
		3D2745572484A7D800CE8EE3 /* debtFree.app */ = {isa = PBXFileReference; explicitFileType = wrapper.application; includeInIndex = 0; path = debtFree.app; sourceTree = BUILT_PRODUCTS_DIR; };
		3D27455A2484A7D800CE8EE3 /* AppDelegate.swift */ = {isa = PBXFileReference; lastKnownFileType = sourcecode.swift; path = AppDelegate.swift; sourceTree = "<group>"; };
		3D27455C2484A7D800CE8EE3 /* SceneDelegate.swift */ = {isa = PBXFileReference; lastKnownFileType = sourcecode.swift; path = SceneDelegate.swift; sourceTree = "<group>"; };
		3D27455E2484A7D800CE8EE3 /* WelcomeViewController.swift */ = {isa = PBXFileReference; lastKnownFileType = sourcecode.swift; path = WelcomeViewController.swift; sourceTree = "<group>"; };
		3D2745612484A7D800CE8EE3 /* Base */ = {isa = PBXFileReference; lastKnownFileType = file.storyboard; name = Base; path = Base.lproj/Main.storyboard; sourceTree = "<group>"; };
		3D2745632484A7D900CE8EE3 /* Assets.xcassets */ = {isa = PBXFileReference; lastKnownFileType = folder.assetcatalog; path = Assets.xcassets; sourceTree = "<group>"; };
		3D2745662484A7D900CE8EE3 /* Base */ = {isa = PBXFileReference; lastKnownFileType = file.storyboard; name = Base; path = Base.lproj/LaunchScreen.storyboard; sourceTree = "<group>"; };
		3D2745682484A7D900CE8EE3 /* Info.plist */ = {isa = PBXFileReference; lastKnownFileType = text.plist.xml; path = Info.plist; sourceTree = "<group>"; };
		3D27456D2484A7D900CE8EE3 /* debtFreeTests.xctest */ = {isa = PBXFileReference; explicitFileType = wrapper.cfbundle; includeInIndex = 0; path = debtFreeTests.xctest; sourceTree = BUILT_PRODUCTS_DIR; };
		3D2745712484A7D900CE8EE3 /* debtFreeTests.swift */ = {isa = PBXFileReference; lastKnownFileType = sourcecode.swift; path = debtFreeTests.swift; sourceTree = "<group>"; };
		3D2745732484A7DA00CE8EE3 /* Info.plist */ = {isa = PBXFileReference; lastKnownFileType = text.plist.xml; path = Info.plist; sourceTree = "<group>"; };
		3D2745782484A7DA00CE8EE3 /* debtFreeUITests.xctest */ = {isa = PBXFileReference; explicitFileType = wrapper.cfbundle; includeInIndex = 0; path = debtFreeUITests.xctest; sourceTree = BUILT_PRODUCTS_DIR; };
		3D27457C2484A7DA00CE8EE3 /* debtFreeUITests.swift */ = {isa = PBXFileReference; lastKnownFileType = sourcecode.swift; path = debtFreeUITests.swift; sourceTree = "<group>"; };
		3D27457E2484A7DA00CE8EE3 /* Info.plist */ = {isa = PBXFileReference; lastKnownFileType = text.plist.xml; path = Info.plist; sourceTree = "<group>"; };
		3D27458C24874BBF00CE8EE3 /* Account.swift */ = {isa = PBXFileReference; lastKnownFileType = sourcecode.swift; path = Account.swift; sourceTree = "<group>"; };
		3D2745942487522400CE8EE3 /* AddAccountTableViewController.swift */ = {isa = PBXFileReference; lastKnownFileType = sourcecode.swift; path = AddAccountTableViewController.swift; sourceTree = "<group>"; };
		3D27459624875DEA00CE8EE3 /* AccountTableViewCell.swift */ = {isa = PBXFileReference; lastKnownFileType = sourcecode.swift; path = AccountTableViewCell.swift; sourceTree = "<group>"; };
		3D2745982487601D00CE8EE3 /* AccountTableViewController.swift */ = {isa = PBXFileReference; lastKnownFileType = sourcecode.swift; path = AccountTableViewController.swift; sourceTree = "<group>"; };
		3D8A8B1B24971DAD00A70D54 /* AddDebtTableViewController.swift */ = {isa = PBXFileReference; lastKnownFileType = sourcecode.swift; path = AddDebtTableViewController.swift; sourceTree = "<group>"; };
		3D8A8B1D249721B500A70D54 /* Debt.swift */ = {isa = PBXFileReference; lastKnownFileType = sourcecode.swift; path = Debt.swift; sourceTree = "<group>"; };
		3D8A8B1F2497245900A70D54 /* DebtsViewController.swift */ = {isa = PBXFileReference; lastKnownFileType = sourcecode.swift; path = DebtsViewController.swift; sourceTree = "<group>"; };
		3D8A8B2124972ED800A70D54 /* DebtTableViewCell.swift */ = {isa = PBXFileReference; lastKnownFileType = sourcecode.swift; path = DebtTableViewCell.swift; sourceTree = "<group>"; };
		3D8A8B23249B504500A70D54 /* IndividualDebtViewController.swift */ = {isa = PBXFileReference; lastKnownFileType = sourcecode.swift; path = IndividualDebtViewController.swift; sourceTree = "<group>"; };
		6DDC988DE835F716A7B4739F /* Pods-debtFree-debtFreeUITests.release.xcconfig */ = {isa = PBXFileReference; includeInIndex = 1; lastKnownFileType = text.xcconfig; name = "Pods-debtFree-debtFreeUITests.release.xcconfig"; path = "Target Support Files/Pods-debtFree-debtFreeUITests/Pods-debtFree-debtFreeUITests.release.xcconfig"; sourceTree = "<group>"; };
		710433C124A0906A00F93B67 /* SettingsViewController.swift */ = {isa = PBXFileReference; lastKnownFileType = sourcecode.swift; path = SettingsViewController.swift; sourceTree = "<group>"; };
		716A16C024A364E6002656CC /* SignUpViewController.swift */ = {isa = PBXFileReference; lastKnownFileType = sourcecode.swift; path = SignUpViewController.swift; sourceTree = "<group>"; };
		716A16C424A37050002656CC /* Utilities.swift */ = {isa = PBXFileReference; fileEncoding = 4; lastKnownFileType = sourcecode.swift; path = Utilities.swift; sourceTree = "<group>"; };
		716A16C624A38864002656CC /* Constants.swift */ = {isa = PBXFileReference; lastKnownFileType = sourcecode.swift; path = Constants.swift; sourceTree = "<group>"; };
		716A16C824A38C89002656CC /* HomeViewController.swift */ = {isa = PBXFileReference; lastKnownFileType = sourcecode.swift; path = HomeViewController.swift; sourceTree = "<group>"; };
		716A16CA24A3918F002656CC /* HomeViewController2.swift */ = {isa = PBXFileReference; lastKnownFileType = sourcecode.swift; path = HomeViewController2.swift; sourceTree = "<group>"; };
		71930D6824A48B2900B5BEE0 /* CalenderViewController.swift */ = {isa = PBXFileReference; lastKnownFileType = sourcecode.swift; path = CalenderViewController.swift; sourceTree = "<group>"; };
		71D8E1BD24A1D4D600D64BCC /* debtFree-Bridging-Header.h */ = {isa = PBXFileReference; lastKnownFileType = sourcecode.c.h; path = "debtFree-Bridging-Header.h"; sourceTree = "<group>"; };
		71D8E1C024A1E69D00D64BCC /* GoogleService-Info.plist */ = {isa = PBXFileReference; fileEncoding = 4; lastKnownFileType = text.plist.xml; path = "GoogleService-Info.plist"; sourceTree = "<group>"; };
		71D8E1C224A1ED0100D64BCC /* LoginViewController.swift */ = {isa = PBXFileReference; lastKnownFileType = sourcecode.swift; path = LoginViewController.swift; sourceTree = "<group>"; };
		82E7EF5DCEA837DA47CD532B /* Pods_debtFree.framework */ = {isa = PBXFileReference; explicitFileType = wrapper.framework; includeInIndex = 0; path = Pods_debtFree.framework; sourceTree = BUILT_PRODUCTS_DIR; };
		A0604D8E467835563DA9FD68 /* Pods-debtFree-debtFreeUITests.debug.xcconfig */ = {isa = PBXFileReference; includeInIndex = 1; lastKnownFileType = text.xcconfig; name = "Pods-debtFree-debtFreeUITests.debug.xcconfig"; path = "Target Support Files/Pods-debtFree-debtFreeUITests/Pods-debtFree-debtFreeUITests.debug.xcconfig"; sourceTree = "<group>"; };
		BF332B707E0852A38945D976 /* Pods-debtFree.debug.xcconfig */ = {isa = PBXFileReference; includeInIndex = 1; lastKnownFileType = text.xcconfig; name = "Pods-debtFree.debug.xcconfig"; path = "Target Support Files/Pods-debtFree/Pods-debtFree.debug.xcconfig"; sourceTree = "<group>"; };
		D1D87B4F9B58738FDB6153C9 /* Pods_debtFreeTests.framework */ = {isa = PBXFileReference; explicitFileType = wrapper.framework; includeInIndex = 0; path = Pods_debtFreeTests.framework; sourceTree = BUILT_PRODUCTS_DIR; };
		DF644FBE45EC0603DA4DDE29 /* Pods_debtFree_debtFreeUITests.framework */ = {isa = PBXFileReference; explicitFileType = wrapper.framework; includeInIndex = 0; path = Pods_debtFree_debtFreeUITests.framework; sourceTree = BUILT_PRODUCTS_DIR; };
		F6E02E6CEC0761F5B6F131C6 /* Pods-debtFreeTests.debug.xcconfig */ = {isa = PBXFileReference; includeInIndex = 1; lastKnownFileType = text.xcconfig; name = "Pods-debtFreeTests.debug.xcconfig"; path = "Target Support Files/Pods-debtFreeTests/Pods-debtFreeTests.debug.xcconfig"; sourceTree = "<group>"; };
/* End PBXFileReference section */

/* Begin PBXFrameworksBuildPhase section */
		3D2745542484A7D800CE8EE3 /* Frameworks */ = {
			isa = PBXFrameworksBuildPhase;
			buildActionMask = 2147483647;
			files = (
				A88B3E05601AD8F2AAC1030F /* Pods_debtFree.framework in Frameworks */,
			);
			runOnlyForDeploymentPostprocessing = 0;
		};
		3D27456A2484A7D900CE8EE3 /* Frameworks */ = {
			isa = PBXFrameworksBuildPhase;
			buildActionMask = 2147483647;
			files = (
				6E70E9FA8D2E9EFF07598A71 /* Pods_debtFreeTests.framework in Frameworks */,
			);
			runOnlyForDeploymentPostprocessing = 0;
		};
		3D2745752484A7DA00CE8EE3 /* Frameworks */ = {
			isa = PBXFrameworksBuildPhase;
			buildActionMask = 2147483647;
			files = (
				FA28616A671FAAC2479CB41D /* Pods_debtFree_debtFreeUITests.framework in Frameworks */,
			);
			runOnlyForDeploymentPostprocessing = 0;
		};
/* End PBXFrameworksBuildPhase section */

/* Begin PBXGroup section */
		1B97277DA7EF3D3B0E38648C /* Pods */ = {
			isa = PBXGroup;
			children = (
				BF332B707E0852A38945D976 /* Pods-debtFree.debug.xcconfig */,
				2D1A6DBEA13B6D062A7C67E2 /* Pods-debtFree.release.xcconfig */,
				A0604D8E467835563DA9FD68 /* Pods-debtFree-debtFreeUITests.debug.xcconfig */,
				6DDC988DE835F716A7B4739F /* Pods-debtFree-debtFreeUITests.release.xcconfig */,
				F6E02E6CEC0761F5B6F131C6 /* Pods-debtFreeTests.debug.xcconfig */,
				1B5D0B4676CC19525BB87655 /* Pods-debtFreeTests.release.xcconfig */,
			);
			path = Pods;
			sourceTree = "<group>";
		};
		3D27454E2484A7D800CE8EE3 = {
			isa = PBXGroup;
			children = (
				3D2745592484A7D800CE8EE3 /* debtFree */,
				3D2745702484A7D900CE8EE3 /* debtFreeTests */,
				3D27457B2484A7DA00CE8EE3 /* debtFreeUITests */,
				3D2745582484A7D800CE8EE3 /* Products */,
				1B97277DA7EF3D3B0E38648C /* Pods */,
				CBD3CD7DE6A4B4236F22E1AC /* Frameworks */,
			);
			sourceTree = "<group>";
		};
		3D2745582484A7D800CE8EE3 /* Products */ = {
			isa = PBXGroup;
			children = (
				3D2745572484A7D800CE8EE3 /* debtFree.app */,
				3D27456D2484A7D900CE8EE3 /* debtFreeTests.xctest */,
				3D2745782484A7DA00CE8EE3 /* debtFreeUITests.xctest */,
			);
			name = Products;
			sourceTree = "<group>";
		};
		3D2745592484A7D800CE8EE3 /* debtFree */ = {
			isa = PBXGroup;
			children = (
				3D27455A2484A7D800CE8EE3 /* AppDelegate.swift */,
				3D27455C2484A7D800CE8EE3 /* SceneDelegate.swift */,
				716A16C024A364E6002656CC /* SignUpViewController.swift */,
				71D8E1C224A1ED0100D64BCC /* LoginViewController.swift */,
				716A16C424A37050002656CC /* Utilities.swift */,
				3D17330624A4DA430016FDE6 /* DebtsDataBase.swift */,
				3D2745602484A7D800CE8EE3 /* Main.storyboard */,
				3D17330824A4DEAD0016FDE6 /* AppTabBarController.swift */,
				3D17330024A4CA0D0016FDE6 /* DebtsInsightViewController.swift */,
				3D17330224A4D1430016FDE6 /* NSUIColour+Hex.swift */,
				716A16CA24A3918F002656CC /* HomeViewController2.swift */,
				716A16C824A38C89002656CC /* HomeViewController.swift */,
				716A16C624A38864002656CC /* Constants.swift */,
				3D27455E2484A7D800CE8EE3 /* WelcomeViewController.swift */,
				71D8E1C024A1E69D00D64BCC /* GoogleService-Info.plist */,
				710433C124A0906A00F93B67 /* SettingsViewController.swift */,
				3D8A8B23249B504500A70D54 /* IndividualDebtViewController.swift */,
				3D8A8B1F2497245900A70D54 /* DebtsViewController.swift */,
				3D8A8B1B24971DAD00A70D54 /* AddDebtTableViewController.swift */,
				3D27459624875DEA00CE8EE3 /* AccountTableViewCell.swift */,
				3D2745982487601D00CE8EE3 /* AccountTableViewController.swift */,
				3D8A8B2124972ED800A70D54 /* DebtTableViewCell.swift */,
				3D2745942487522400CE8EE3 /* AddAccountTableViewController.swift */,
				3D27458C24874BBF00CE8EE3 /* Account.swift */,
				3D8A8B1D249721B500A70D54 /* Debt.swift */,
				3D2745632484A7D900CE8EE3 /* Assets.xcassets */,
				3D2745652484A7D900CE8EE3 /* LaunchScreen.storyboard */,
				3D2745682484A7D900CE8EE3 /* Info.plist */,
				71D8E1BD24A1D4D600D64BCC /* debtFree-Bridging-Header.h */,
				71930D6824A48B2900B5BEE0 /* CalenderViewController.swift */,
			);
			path = debtFree;
			sourceTree = "<group>";
		};
		3D2745702484A7D900CE8EE3 /* debtFreeTests */ = {
			isa = PBXGroup;
			children = (
				3D2745712484A7D900CE8EE3 /* debtFreeTests.swift */,
				3D2745732484A7DA00CE8EE3 /* Info.plist */,
			);
			path = debtFreeTests;
			sourceTree = "<group>";
		};
		3D27457B2484A7DA00CE8EE3 /* debtFreeUITests */ = {
			isa = PBXGroup;
			children = (
				3D27457C2484A7DA00CE8EE3 /* debtFreeUITests.swift */,
				3D27457E2484A7DA00CE8EE3 /* Info.plist */,
			);
			path = debtFreeUITests;
			sourceTree = "<group>";
		};
		CBD3CD7DE6A4B4236F22E1AC /* Frameworks */ = {
			isa = PBXGroup;
			children = (
				82E7EF5DCEA837DA47CD532B /* Pods_debtFree.framework */,
				DF644FBE45EC0603DA4DDE29 /* Pods_debtFree_debtFreeUITests.framework */,
				D1D87B4F9B58738FDB6153C9 /* Pods_debtFreeTests.framework */,
			);
			name = Frameworks;
			sourceTree = "<group>";
		};
/* End PBXGroup section */

/* Begin PBXNativeTarget section */
		3D2745562484A7D800CE8EE3 /* debtFree */ = {
			isa = PBXNativeTarget;
			buildConfigurationList = 3D2745812484A7DA00CE8EE3 /* Build configuration list for PBXNativeTarget "debtFree" */;
			buildPhases = (
				90EDDACA1987F6E357114524 /* [CP] Check Pods Manifest.lock */,
				3D2745532484A7D800CE8EE3 /* Sources */,
				3D2745542484A7D800CE8EE3 /* Frameworks */,
				3D2745552484A7D800CE8EE3 /* Resources */,
				C67764658A9F7291154198B3 /* [CP] Embed Pods Frameworks */,
				FF02F544D4694E34C12F905D /* [CP] Copy Pods Resources */,
			);
			buildRules = (
			);
			dependencies = (
			);
			name = debtFree;
			productName = debtFree;
			productReference = 3D2745572484A7D800CE8EE3 /* debtFree.app */;
			productType = "com.apple.product-type.application";
		};
		3D27456C2484A7D900CE8EE3 /* debtFreeTests */ = {
			isa = PBXNativeTarget;
			buildConfigurationList = 3D2745842484A7DA00CE8EE3 /* Build configuration list for PBXNativeTarget "debtFreeTests" */;
			buildPhases = (
				2B13C58C09F5C932E07B48D8 /* [CP] Check Pods Manifest.lock */,
				3D2745692484A7D900CE8EE3 /* Sources */,
				3D27456A2484A7D900CE8EE3 /* Frameworks */,
				3D27456B2484A7D900CE8EE3 /* Resources */,
			);
			buildRules = (
			);
			dependencies = (
				3D27456F2484A7D900CE8EE3 /* PBXTargetDependency */,
			);
			name = debtFreeTests;
			productName = debtFreeTests;
			productReference = 3D27456D2484A7D900CE8EE3 /* debtFreeTests.xctest */;
			productType = "com.apple.product-type.bundle.unit-test";
		};
		3D2745772484A7DA00CE8EE3 /* debtFreeUITests */ = {
			isa = PBXNativeTarget;
			buildConfigurationList = 3D2745872484A7DA00CE8EE3 /* Build configuration list for PBXNativeTarget "debtFreeUITests" */;
			buildPhases = (
				D849F099EBDA078856617779 /* [CP] Check Pods Manifest.lock */,
				3D2745742484A7DA00CE8EE3 /* Sources */,
				3D2745752484A7DA00CE8EE3 /* Frameworks */,
				3D2745762484A7DA00CE8EE3 /* Resources */,
				B22A6D020F49958DAFC49094 /* [CP] Embed Pods Frameworks */,
				875E83B08517FC743EAE6830 /* [CP] Copy Pods Resources */,
			);
			buildRules = (
			);
			dependencies = (
				3D27457A2484A7DA00CE8EE3 /* PBXTargetDependency */,
			);
			name = debtFreeUITests;
			productName = debtFreeUITests;
			productReference = 3D2745782484A7DA00CE8EE3 /* debtFreeUITests.xctest */;
			productType = "com.apple.product-type.bundle.ui-testing";
		};
/* End PBXNativeTarget section */

/* Begin PBXProject section */
		3D27454F2484A7D800CE8EE3 /* Project object */ = {
			isa = PBXProject;
			attributes = {
				LastSwiftUpdateCheck = 1150;
				LastUpgradeCheck = 1150;
				ORGANIZATIONNAME = "Nigel Ng";
				TargetAttributes = {
					3D2745562484A7D800CE8EE3 = {
						CreatedOnToolsVersion = 11.5;
						LastSwiftMigration = 1140;
					};
					3D27456C2484A7D900CE8EE3 = {
						CreatedOnToolsVersion = 11.5;
						TestTargetID = 3D2745562484A7D800CE8EE3;
					};
					3D2745772484A7DA00CE8EE3 = {
						CreatedOnToolsVersion = 11.5;
						TestTargetID = 3D2745562484A7D800CE8EE3;
					};
				};
			};
			buildConfigurationList = 3D2745522484A7D800CE8EE3 /* Build configuration list for PBXProject "debtFree" */;
			compatibilityVersion = "Xcode 9.3";
			developmentRegion = en;
			hasScannedForEncodings = 0;
			knownRegions = (
				en,
				Base,
			);
			mainGroup = 3D27454E2484A7D800CE8EE3;
			productRefGroup = 3D2745582484A7D800CE8EE3 /* Products */;
			projectDirPath = "";
			projectRoot = "";
			targets = (
				3D2745562484A7D800CE8EE3 /* debtFree */,
				3D27456C2484A7D900CE8EE3 /* debtFreeTests */,
				3D2745772484A7DA00CE8EE3 /* debtFreeUITests */,
			);
		};
/* End PBXProject section */

/* Begin PBXResourcesBuildPhase section */
		3D2745552484A7D800CE8EE3 /* Resources */ = {
			isa = PBXResourcesBuildPhase;
			buildActionMask = 2147483647;
			files = (
				3D2745672484A7D900CE8EE3 /* LaunchScreen.storyboard in Resources */,
				3D2745642484A7D900CE8EE3 /* Assets.xcassets in Resources */,
				3D2745622484A7D800CE8EE3 /* Main.storyboard in Resources */,
				71D8E1C124A1E69D00D64BCC /* GoogleService-Info.plist in Resources */,
			);
			runOnlyForDeploymentPostprocessing = 0;
		};
		3D27456B2484A7D900CE8EE3 /* Resources */ = {
			isa = PBXResourcesBuildPhase;
			buildActionMask = 2147483647;
			files = (
			);
			runOnlyForDeploymentPostprocessing = 0;
		};
		3D2745762484A7DA00CE8EE3 /* Resources */ = {
			isa = PBXResourcesBuildPhase;
			buildActionMask = 2147483647;
			files = (
			);
			runOnlyForDeploymentPostprocessing = 0;
		};
/* End PBXResourcesBuildPhase section */

/* Begin PBXShellScriptBuildPhase section */
		2B13C58C09F5C932E07B48D8 /* [CP] Check Pods Manifest.lock */ = {
			isa = PBXShellScriptBuildPhase;
			buildActionMask = 2147483647;
			files = (
			);
			inputFileListPaths = (
			);
			inputPaths = (
				"${PODS_PODFILE_DIR_PATH}/Podfile.lock",
				"${PODS_ROOT}/Manifest.lock",
			);
			name = "[CP] Check Pods Manifest.lock";
			outputFileListPaths = (
			);
			outputPaths = (
				"$(DERIVED_FILE_DIR)/Pods-debtFreeTests-checkManifestLockResult.txt",
			);
			runOnlyForDeploymentPostprocessing = 0;
			shellPath = /bin/sh;
			shellScript = "diff \"${PODS_PODFILE_DIR_PATH}/Podfile.lock\" \"${PODS_ROOT}/Manifest.lock\" > /dev/null\nif [ $? != 0 ] ; then\n    # print error to STDERR\n    echo \"error: The sandbox is not in sync with the Podfile.lock. Run 'pod install' or update your CocoaPods installation.\" >&2\n    exit 1\nfi\n# This output is used by Xcode 'outputs' to avoid re-running this script phase.\necho \"SUCCESS\" > \"${SCRIPT_OUTPUT_FILE_0}\"\n";
			showEnvVarsInLog = 0;
		};
		875E83B08517FC743EAE6830 /* [CP] Copy Pods Resources */ = {
			isa = PBXShellScriptBuildPhase;
			buildActionMask = 2147483647;
			files = (
			);
			inputFileListPaths = (
				"${PODS_ROOT}/Target Support Files/Pods-debtFree-debtFreeUITests/Pods-debtFree-debtFreeUITests-resources-${CONFIGURATION}-input-files.xcfilelist",
			);
			name = "[CP] Copy Pods Resources";
			outputFileListPaths = (
				"${PODS_ROOT}/Target Support Files/Pods-debtFree-debtFreeUITests/Pods-debtFree-debtFreeUITests-resources-${CONFIGURATION}-output-files.xcfilelist",
			);
			runOnlyForDeploymentPostprocessing = 0;
			shellPath = /bin/sh;
			shellScript = "\"${PODS_ROOT}/Target Support Files/Pods-debtFree-debtFreeUITests/Pods-debtFree-debtFreeUITests-resources.sh\"\n";
			showEnvVarsInLog = 0;
		};
		90EDDACA1987F6E357114524 /* [CP] Check Pods Manifest.lock */ = {
			isa = PBXShellScriptBuildPhase;
			buildActionMask = 2147483647;
			files = (
			);
			inputFileListPaths = (
			);
			inputPaths = (
				"${PODS_PODFILE_DIR_PATH}/Podfile.lock",
				"${PODS_ROOT}/Manifest.lock",
			);
			name = "[CP] Check Pods Manifest.lock";
			outputFileListPaths = (
			);
			outputPaths = (
				"$(DERIVED_FILE_DIR)/Pods-debtFree-checkManifestLockResult.txt",
			);
			runOnlyForDeploymentPostprocessing = 0;
			shellPath = /bin/sh;
			shellScript = "diff \"${PODS_PODFILE_DIR_PATH}/Podfile.lock\" \"${PODS_ROOT}/Manifest.lock\" > /dev/null\nif [ $? != 0 ] ; then\n    # print error to STDERR\n    echo \"error: The sandbox is not in sync with the Podfile.lock. Run 'pod install' or update your CocoaPods installation.\" >&2\n    exit 1\nfi\n# This output is used by Xcode 'outputs' to avoid re-running this script phase.\necho \"SUCCESS\" > \"${SCRIPT_OUTPUT_FILE_0}\"\n";
			showEnvVarsInLog = 0;
		};
		B22A6D020F49958DAFC49094 /* [CP] Embed Pods Frameworks */ = {
			isa = PBXShellScriptBuildPhase;
			buildActionMask = 2147483647;
			files = (
			);
			inputFileListPaths = (
				"${PODS_ROOT}/Target Support Files/Pods-debtFree-debtFreeUITests/Pods-debtFree-debtFreeUITests-frameworks-${CONFIGURATION}-input-files.xcfilelist",
			);
			name = "[CP] Embed Pods Frameworks";
			outputFileListPaths = (
				"${PODS_ROOT}/Target Support Files/Pods-debtFree-debtFreeUITests/Pods-debtFree-debtFreeUITests-frameworks-${CONFIGURATION}-output-files.xcfilelist",
			);
			runOnlyForDeploymentPostprocessing = 0;
			shellPath = /bin/sh;
			shellScript = "\"${PODS_ROOT}/Target Support Files/Pods-debtFree-debtFreeUITests/Pods-debtFree-debtFreeUITests-frameworks.sh\"\n";
			showEnvVarsInLog = 0;
		};
		C67764658A9F7291154198B3 /* [CP] Embed Pods Frameworks */ = {
			isa = PBXShellScriptBuildPhase;
			buildActionMask = 2147483647;
			files = (
			);
			inputFileListPaths = (
				"${PODS_ROOT}/Target Support Files/Pods-debtFree/Pods-debtFree-frameworks-${CONFIGURATION}-input-files.xcfilelist",
			);
			name = "[CP] Embed Pods Frameworks";
			outputFileListPaths = (
				"${PODS_ROOT}/Target Support Files/Pods-debtFree/Pods-debtFree-frameworks-${CONFIGURATION}-output-files.xcfilelist",
			);
			runOnlyForDeploymentPostprocessing = 0;
			shellPath = /bin/sh;
			shellScript = "\"${PODS_ROOT}/Target Support Files/Pods-debtFree/Pods-debtFree-frameworks.sh\"\n";
			showEnvVarsInLog = 0;
		};
		D849F099EBDA078856617779 /* [CP] Check Pods Manifest.lock */ = {
			isa = PBXShellScriptBuildPhase;
			buildActionMask = 2147483647;
			files = (
			);
			inputFileListPaths = (
			);
			inputPaths = (
				"${PODS_PODFILE_DIR_PATH}/Podfile.lock",
				"${PODS_ROOT}/Manifest.lock",
			);
			name = "[CP] Check Pods Manifest.lock";
			outputFileListPaths = (
			);
			outputPaths = (
				"$(DERIVED_FILE_DIR)/Pods-debtFree-debtFreeUITests-checkManifestLockResult.txt",
			);
			runOnlyForDeploymentPostprocessing = 0;
			shellPath = /bin/sh;
			shellScript = "diff \"${PODS_PODFILE_DIR_PATH}/Podfile.lock\" \"${PODS_ROOT}/Manifest.lock\" > /dev/null\nif [ $? != 0 ] ; then\n    # print error to STDERR\n    echo \"error: The sandbox is not in sync with the Podfile.lock. Run 'pod install' or update your CocoaPods installation.\" >&2\n    exit 1\nfi\n# This output is used by Xcode 'outputs' to avoid re-running this script phase.\necho \"SUCCESS\" > \"${SCRIPT_OUTPUT_FILE_0}\"\n";
			showEnvVarsInLog = 0;
		};
		FF02F544D4694E34C12F905D /* [CP] Copy Pods Resources */ = {
			isa = PBXShellScriptBuildPhase;
			buildActionMask = 2147483647;
			files = (
			);
			inputFileListPaths = (
				"${PODS_ROOT}/Target Support Files/Pods-debtFree/Pods-debtFree-resources-${CONFIGURATION}-input-files.xcfilelist",
			);
			name = "[CP] Copy Pods Resources";
			outputFileListPaths = (
				"${PODS_ROOT}/Target Support Files/Pods-debtFree/Pods-debtFree-resources-${CONFIGURATION}-output-files.xcfilelist",
			);
			runOnlyForDeploymentPostprocessing = 0;
			shellPath = /bin/sh;
			shellScript = "\"${PODS_ROOT}/Target Support Files/Pods-debtFree/Pods-debtFree-resources.sh\"\n";
			showEnvVarsInLog = 0;
		};
/* End PBXShellScriptBuildPhase section */

/* Begin PBXSourcesBuildPhase section */
		3D2745532484A7D800CE8EE3 /* Sources */ = {
			isa = PBXSourcesBuildPhase;
			buildActionMask = 2147483647;
			files = (
				3D17330324A4D1430016FDE6 /* NSUIColour+Hex.swift in Sources */,
				71930D6924A48B2900B5BEE0 /* CalenderViewController.swift in Sources */,
				3D8A8B1E249721B500A70D54 /* Debt.swift in Sources */,
				3D17330724A4DA430016FDE6 /* DebtsDataBase.swift in Sources */,
				3D8A8B202497245900A70D54 /* DebtsViewController.swift in Sources */,
				716A16C924A38C89002656CC /* HomeViewController.swift in Sources */,
				3D8A8B2224972ED800A70D54 /* DebtTableViewCell.swift in Sources */,
				71D8E1C324A1ED0100D64BCC /* LoginViewController.swift in Sources */,
				3D27458D24874BBF00CE8EE3 /* Account.swift in Sources */,
				716A16CB24A3918F002656CC /* HomeViewController2.swift in Sources */,
				3D27455F2484A7D800CE8EE3 /* WelcomeViewController.swift in Sources */,
				3D2745992487601D00CE8EE3 /* AccountTableViewController.swift in Sources */,
				3D2745952487522400CE8EE3 /* AddAccountTableViewController.swift in Sources */,
				3D8A8B1C24971DAD00A70D54 /* AddDebtTableViewController.swift in Sources */,
				3D8A8B24249B504500A70D54 /* IndividualDebtViewController.swift in Sources */,
				716A16C524A37050002656CC /* Utilities.swift in Sources */,
				716A16C124A364E6002656CC /* SignUpViewController.swift in Sources */,
				3D27459724875DEA00CE8EE3 /* AccountTableViewCell.swift in Sources */,
				710433C224A0906A00F93B67 /* SettingsViewController.swift in Sources */,
				3D17330124A4CA0D0016FDE6 /* DebtsInsightViewController.swift in Sources */,
				3D27455B2484A7D800CE8EE3 /* AppDelegate.swift in Sources */,
				3D17330924A4DEAD0016FDE6 /* AppTabBarController.swift in Sources */,
				3D27455D2484A7D800CE8EE3 /* SceneDelegate.swift in Sources */,
				716A16C724A38864002656CC /* Constants.swift in Sources */,
			);
			runOnlyForDeploymentPostprocessing = 0;
		};
		3D2745692484A7D900CE8EE3 /* Sources */ = {
			isa = PBXSourcesBuildPhase;
			buildActionMask = 2147483647;
			files = (
				3D2745722484A7D900CE8EE3 /* debtFreeTests.swift in Sources */,
			);
			runOnlyForDeploymentPostprocessing = 0;
		};
		3D2745742484A7DA00CE8EE3 /* Sources */ = {
			isa = PBXSourcesBuildPhase;
			buildActionMask = 2147483647;
			files = (
				3D27457D2484A7DA00CE8EE3 /* debtFreeUITests.swift in Sources */,
			);
			runOnlyForDeploymentPostprocessing = 0;
		};
/* End PBXSourcesBuildPhase section */

/* Begin PBXTargetDependency section */
		3D27456F2484A7D900CE8EE3 /* PBXTargetDependency */ = {
			isa = PBXTargetDependency;
			target = 3D2745562484A7D800CE8EE3 /* debtFree */;
			targetProxy = 3D27456E2484A7D900CE8EE3 /* PBXContainerItemProxy */;
		};
		3D27457A2484A7DA00CE8EE3 /* PBXTargetDependency */ = {
			isa = PBXTargetDependency;
			target = 3D2745562484A7D800CE8EE3 /* debtFree */;
			targetProxy = 3D2745792484A7DA00CE8EE3 /* PBXContainerItemProxy */;
		};
/* End PBXTargetDependency section */

/* Begin PBXVariantGroup section */
		3D2745602484A7D800CE8EE3 /* Main.storyboard */ = {
			isa = PBXVariantGroup;
			children = (
				3D2745612484A7D800CE8EE3 /* Base */,
			);
			name = Main.storyboard;
			sourceTree = "<group>";
		};
		3D2745652484A7D900CE8EE3 /* LaunchScreen.storyboard */ = {
			isa = PBXVariantGroup;
			children = (
				3D2745662484A7D900CE8EE3 /* Base */,
			);
			name = LaunchScreen.storyboard;
			sourceTree = "<group>";
		};
/* End PBXVariantGroup section */

/* Begin XCBuildConfiguration section */
		3D27457F2484A7DA00CE8EE3 /* Debug */ = {
			isa = XCBuildConfiguration;
			buildSettings = {
				ALWAYS_SEARCH_USER_PATHS = NO;
				CLANG_ANALYZER_NONNULL = YES;
				CLANG_ANALYZER_NUMBER_OBJECT_CONVERSION = YES_AGGRESSIVE;
				CLANG_CXX_LANGUAGE_STANDARD = "gnu++14";
				CLANG_CXX_LIBRARY = "libc++";
				CLANG_ENABLE_MODULES = YES;
				CLANG_ENABLE_OBJC_ARC = YES;
				CLANG_ENABLE_OBJC_WEAK = YES;
				CLANG_WARN_BLOCK_CAPTURE_AUTORELEASING = YES;
				CLANG_WARN_BOOL_CONVERSION = YES;
				CLANG_WARN_COMMA = YES;
				CLANG_WARN_CONSTANT_CONVERSION = YES;
				CLANG_WARN_DEPRECATED_OBJC_IMPLEMENTATIONS = YES;
				CLANG_WARN_DIRECT_OBJC_ISA_USAGE = YES_ERROR;
				CLANG_WARN_DOCUMENTATION_COMMENTS = YES;
				CLANG_WARN_EMPTY_BODY = YES;
				CLANG_WARN_ENUM_CONVERSION = YES;
				CLANG_WARN_INFINITE_RECURSION = YES;
				CLANG_WARN_INT_CONVERSION = YES;
				CLANG_WARN_NON_LITERAL_NULL_CONVERSION = YES;
				CLANG_WARN_OBJC_IMPLICIT_RETAIN_SELF = YES;
				CLANG_WARN_OBJC_LITERAL_CONVERSION = YES;
				CLANG_WARN_OBJC_ROOT_CLASS = YES_ERROR;
				CLANG_WARN_RANGE_LOOP_ANALYSIS = YES;
				CLANG_WARN_STRICT_PROTOTYPES = YES;
				CLANG_WARN_SUSPICIOUS_MOVE = YES;
				CLANG_WARN_UNGUARDED_AVAILABILITY = YES_AGGRESSIVE;
				CLANG_WARN_UNREACHABLE_CODE = YES;
				CLANG_WARN__DUPLICATE_METHOD_MATCH = YES;
				COPY_PHASE_STRIP = NO;
				DEBUG_INFORMATION_FORMAT = dwarf;
				DEVELOPMENT_TEAM = PDD8Z3Y773;
				ENABLE_STRICT_OBJC_MSGSEND = YES;
				ENABLE_TESTABILITY = YES;
				GCC_C_LANGUAGE_STANDARD = gnu11;
				GCC_DYNAMIC_NO_PIC = NO;
				GCC_NO_COMMON_BLOCKS = YES;
				GCC_OPTIMIZATION_LEVEL = 0;
				GCC_PREPROCESSOR_DEFINITIONS = (
					"DEBUG=1",
					"$(inherited)",
				);
				GCC_WARN_64_TO_32_BIT_CONVERSION = YES;
				GCC_WARN_ABOUT_RETURN_TYPE = YES_ERROR;
				GCC_WARN_UNDECLARED_SELECTOR = YES;
				GCC_WARN_UNINITIALIZED_AUTOS = YES_AGGRESSIVE;
				GCC_WARN_UNUSED_FUNCTION = YES;
				GCC_WARN_UNUSED_VARIABLE = YES;
				IPHONEOS_DEPLOYMENT_TARGET = 13.4;
				MTL_ENABLE_DEBUG_INFO = INCLUDE_SOURCE;
				MTL_FAST_MATH = YES;
				ONLY_ACTIVE_ARCH = YES;
				SDKROOT = iphoneos;
				SWIFT_ACTIVE_COMPILATION_CONDITIONS = DEBUG;
				SWIFT_OPTIMIZATION_LEVEL = "-Onone";
			};
			name = Debug;
		};
		3D2745802484A7DA00CE8EE3 /* Release */ = {
			isa = XCBuildConfiguration;
			buildSettings = {
				ALWAYS_SEARCH_USER_PATHS = NO;
				CLANG_ANALYZER_NONNULL = YES;
				CLANG_ANALYZER_NUMBER_OBJECT_CONVERSION = YES_AGGRESSIVE;
				CLANG_CXX_LANGUAGE_STANDARD = "gnu++14";
				CLANG_CXX_LIBRARY = "libc++";
				CLANG_ENABLE_MODULES = YES;
				CLANG_ENABLE_OBJC_ARC = YES;
				CLANG_ENABLE_OBJC_WEAK = YES;
				CLANG_WARN_BLOCK_CAPTURE_AUTORELEASING = YES;
				CLANG_WARN_BOOL_CONVERSION = YES;
				CLANG_WARN_COMMA = YES;
				CLANG_WARN_CONSTANT_CONVERSION = YES;
				CLANG_WARN_DEPRECATED_OBJC_IMPLEMENTATIONS = YES;
				CLANG_WARN_DIRECT_OBJC_ISA_USAGE = YES_ERROR;
				CLANG_WARN_DOCUMENTATION_COMMENTS = YES;
				CLANG_WARN_EMPTY_BODY = YES;
				CLANG_WARN_ENUM_CONVERSION = YES;
				CLANG_WARN_INFINITE_RECURSION = YES;
				CLANG_WARN_INT_CONVERSION = YES;
				CLANG_WARN_NON_LITERAL_NULL_CONVERSION = YES;
				CLANG_WARN_OBJC_IMPLICIT_RETAIN_SELF = YES;
				CLANG_WARN_OBJC_LITERAL_CONVERSION = YES;
				CLANG_WARN_OBJC_ROOT_CLASS = YES_ERROR;
				CLANG_WARN_RANGE_LOOP_ANALYSIS = YES;
				CLANG_WARN_STRICT_PROTOTYPES = YES;
				CLANG_WARN_SUSPICIOUS_MOVE = YES;
				CLANG_WARN_UNGUARDED_AVAILABILITY = YES_AGGRESSIVE;
				CLANG_WARN_UNREACHABLE_CODE = YES;
				CLANG_WARN__DUPLICATE_METHOD_MATCH = YES;
				COPY_PHASE_STRIP = NO;
				DEBUG_INFORMATION_FORMAT = "dwarf-with-dsym";
				DEVELOPMENT_TEAM = PDD8Z3Y773;
				ENABLE_NS_ASSERTIONS = NO;
				ENABLE_STRICT_OBJC_MSGSEND = YES;
				GCC_C_LANGUAGE_STANDARD = gnu11;
				GCC_NO_COMMON_BLOCKS = YES;
				GCC_WARN_64_TO_32_BIT_CONVERSION = YES;
				GCC_WARN_ABOUT_RETURN_TYPE = YES_ERROR;
				GCC_WARN_UNDECLARED_SELECTOR = YES;
				GCC_WARN_UNINITIALIZED_AUTOS = YES_AGGRESSIVE;
				GCC_WARN_UNUSED_FUNCTION = YES;
				GCC_WARN_UNUSED_VARIABLE = YES;
				IPHONEOS_DEPLOYMENT_TARGET = 13.4;
				MTL_ENABLE_DEBUG_INFO = NO;
				MTL_FAST_MATH = YES;
				SDKROOT = iphoneos;
				SWIFT_COMPILATION_MODE = wholemodule;
				SWIFT_OPTIMIZATION_LEVEL = "-O";
				VALIDATE_PRODUCT = YES;
			};
			name = Release;
		};
		3D2745822484A7DA00CE8EE3 /* Debug */ = {
			isa = XCBuildConfiguration;
			baseConfigurationReference = BF332B707E0852A38945D976 /* Pods-debtFree.debug.xcconfig */;
			buildSettings = {
				ASSETCATALOG_COMPILER_APPICON_NAME = AppIcon;
				CLANG_ENABLE_MODULES = YES;
				CODE_SIGN_STYLE = Automatic;
				DEVELOPMENT_TEAM = PDD8Z3Y773;
				INFOPLIST_FILE = debtFree/Info.plist;
				IPHONEOS_DEPLOYMENT_TARGET = 13.0;
				LD_RUNPATH_SEARCH_PATHS = (
					"$(inherited)",
					"@executable_path/Frameworks",
				);
				PRODUCT_BUNDLE_IDENTIFIER = com.orbital.debtFree1;
				PRODUCT_NAME = "$(TARGET_NAME)";
				SWIFT_OBJC_BRIDGING_HEADER = "debtFree/debtFree-Bridging-Header.h";
				SWIFT_OPTIMIZATION_LEVEL = "-Onone";
				SWIFT_VERSION = 5.0;
				TARGETED_DEVICE_FAMILY = "1,2";
			};
			name = Debug;
		};
		3D2745832484A7DA00CE8EE3 /* Release */ = {
			isa = XCBuildConfiguration;
			baseConfigurationReference = 2D1A6DBEA13B6D062A7C67E2 /* Pods-debtFree.release.xcconfig */;
			buildSettings = {
				ASSETCATALOG_COMPILER_APPICON_NAME = AppIcon;
				CLANG_ENABLE_MODULES = YES;
				CODE_SIGN_STYLE = Automatic;
				DEVELOPMENT_TEAM = PDD8Z3Y773;
				INFOPLIST_FILE = debtFree/Info.plist;
				IPHONEOS_DEPLOYMENT_TARGET = 13.0;
				LD_RUNPATH_SEARCH_PATHS = (
					"$(inherited)",
					"@executable_path/Frameworks",
				);
				PRODUCT_BUNDLE_IDENTIFIER = com.orbital.debtFree1;
				PRODUCT_NAME = "$(TARGET_NAME)";
				SWIFT_OBJC_BRIDGING_HEADER = "debtFree/debtFree-Bridging-Header.h";
				SWIFT_VERSION = 5.0;
				TARGETED_DEVICE_FAMILY = "1,2";
			};
			name = Release;
		};
		3D2745852484A7DA00CE8EE3 /* Debug */ = {
			isa = XCBuildConfiguration;
			baseConfigurationReference = F6E02E6CEC0761F5B6F131C6 /* Pods-debtFreeTests.debug.xcconfig */;
			buildSettings = {
				ALWAYS_EMBED_SWIFT_STANDARD_LIBRARIES = YES;
				BUNDLE_LOADER = "$(TEST_HOST)";
				"CODE_SIGN_IDENTITY[sdk=macosx*]" = "Apple Development";
				CODE_SIGN_STYLE = Automatic;
				DEVELOPMENT_TEAM = PDD8Z3Y773;
				INFOPLIST_FILE = debtFreeTests/Info.plist;
				IPHONEOS_DEPLOYMENT_TARGET = 13.4;
				LD_RUNPATH_SEARCH_PATHS = (
					"$(inherited)",
					"@executable_path/Frameworks",
					"@loader_path/Frameworks",
				);
				PRODUCT_BUNDLE_IDENTIFIER = orbital.debtFreeTests;
				PRODUCT_NAME = "$(TARGET_NAME)";
				SWIFT_VERSION = 5.0;
				TARGETED_DEVICE_FAMILY = "1,2";
				TEST_HOST = "$(BUILT_PRODUCTS_DIR)/debtFree.app/debtFree";
			};
			name = Debug;
		};
		3D2745862484A7DA00CE8EE3 /* Release */ = {
			isa = XCBuildConfiguration;
			baseConfigurationReference = 1B5D0B4676CC19525BB87655 /* Pods-debtFreeTests.release.xcconfig */;
			buildSettings = {
				ALWAYS_EMBED_SWIFT_STANDARD_LIBRARIES = YES;
				BUNDLE_LOADER = "$(TEST_HOST)";
				"CODE_SIGN_IDENTITY[sdk=macosx*]" = "Apple Development";
				CODE_SIGN_STYLE = Automatic;
				DEVELOPMENT_TEAM = PDD8Z3Y773;
				INFOPLIST_FILE = debtFreeTests/Info.plist;
				IPHONEOS_DEPLOYMENT_TARGET = 13.4;
				LD_RUNPATH_SEARCH_PATHS = (
					"$(inherited)",
					"@executable_path/Frameworks",
					"@loader_path/Frameworks",
				);
				PRODUCT_BUNDLE_IDENTIFIER = orbital.debtFreeTests;
				PRODUCT_NAME = "$(TARGET_NAME)";
				SWIFT_VERSION = 5.0;
				TARGETED_DEVICE_FAMILY = "1,2";
				TEST_HOST = "$(BUILT_PRODUCTS_DIR)/debtFree.app/debtFree";
			};
			name = Release;
		};
		3D2745882484A7DA00CE8EE3 /* Debug */ = {
			isa = XCBuildConfiguration;
			baseConfigurationReference = A0604D8E467835563DA9FD68 /* Pods-debtFree-debtFreeUITests.debug.xcconfig */;
			buildSettings = {
				ALWAYS_EMBED_SWIFT_STANDARD_LIBRARIES = YES;
				CODE_SIGN_STYLE = Automatic;
				INFOPLIST_FILE = debtFreeUITests/Info.plist;
				LD_RUNPATH_SEARCH_PATHS = (
					"$(inherited)",
					"@executable_path/Frameworks",
					"@loader_path/Frameworks",
				);
				PRODUCT_BUNDLE_IDENTIFIER = orbital.debtFreeUITests;
				PRODUCT_NAME = "$(TARGET_NAME)";
				SWIFT_VERSION = 5.0;
				TARGETED_DEVICE_FAMILY = "1,2";
				TEST_TARGET_NAME = debtFree;
			};
			name = Debug;
		};
		3D2745892484A7DA00CE8EE3 /* Release */ = {
			isa = XCBuildConfiguration;
			baseConfigurationReference = 6DDC988DE835F716A7B4739F /* Pods-debtFree-debtFreeUITests.release.xcconfig */;
			buildSettings = {
				ALWAYS_EMBED_SWIFT_STANDARD_LIBRARIES = YES;
				CODE_SIGN_STYLE = Automatic;
				INFOPLIST_FILE = debtFreeUITests/Info.plist;
				LD_RUNPATH_SEARCH_PATHS = (
					"$(inherited)",
					"@executable_path/Frameworks",
					"@loader_path/Frameworks",
				);
				PRODUCT_BUNDLE_IDENTIFIER = orbital.debtFreeUITests;
				PRODUCT_NAME = "$(TARGET_NAME)";
				SWIFT_VERSION = 5.0;
				TARGETED_DEVICE_FAMILY = "1,2";
				TEST_TARGET_NAME = debtFree;
			};
			name = Release;
		};
/* End XCBuildConfiguration section */

/* Begin XCConfigurationList section */
		3D2745522484A7D800CE8EE3 /* Build configuration list for PBXProject "debtFree" */ = {
			isa = XCConfigurationList;
			buildConfigurations = (
				3D27457F2484A7DA00CE8EE3 /* Debug */,
				3D2745802484A7DA00CE8EE3 /* Release */,
			);
			defaultConfigurationIsVisible = 0;
			defaultConfigurationName = Release;
		};
		3D2745812484A7DA00CE8EE3 /* Build configuration list for PBXNativeTarget "debtFree" */ = {
			isa = XCConfigurationList;
			buildConfigurations = (
				3D2745822484A7DA00CE8EE3 /* Debug */,
				3D2745832484A7DA00CE8EE3 /* Release */,
			);
			defaultConfigurationIsVisible = 0;
			defaultConfigurationName = Release;
		};
		3D2745842484A7DA00CE8EE3 /* Build configuration list for PBXNativeTarget "debtFreeTests" */ = {
			isa = XCConfigurationList;
			buildConfigurations = (
				3D2745852484A7DA00CE8EE3 /* Debug */,
				3D2745862484A7DA00CE8EE3 /* Release */,
			);
			defaultConfigurationIsVisible = 0;
			defaultConfigurationName = Release;
		};
		3D2745872484A7DA00CE8EE3 /* Build configuration list for PBXNativeTarget "debtFreeUITests" */ = {
			isa = XCConfigurationList;
			buildConfigurations = (
				3D2745882484A7DA00CE8EE3 /* Debug */,
				3D2745892484A7DA00CE8EE3 /* Release */,
			);
			defaultConfigurationIsVisible = 0;
			defaultConfigurationName = Release;
		};
/* End XCConfigurationList section */
	};
	rootObject = 3D27454F2484A7D800CE8EE3 /* Project object */;
}
